<?xml version="1.0" encoding="utf-8"?>
<Project ToolsVersion="4.0" xmlns="http://schemas.microsoft.com/developer/msbuild/2003">
  <ItemGroup>
    <Filter Include="Resource Files">
      <UniqueIdentifier>{1a913106-0be0-4476-b0ce-2aa855072614}</UniqueIdentifier>
      <Extensions>ico;cur;bmp;dlg;rc2;rct;bin;cnt;rtf;gif;jpg;jpeg;jpe</Extensions>
    </Filter>
    <Filter Include="MFC">
      <UniqueIdentifier>{da904ee8-7f59-4a6c-b3ff-b91b6fb6d0ea}</UniqueIdentifier>
    </Filter>
    <Filter Include="GameLibrary">
      <UniqueIdentifier>{df7aa532-3fdf-46a0-b3fc-8f5922e8d9e4}</UniqueIdentifier>
    </Filter>
    <Filter Include="MyGame">
      <UniqueIdentifier>{0c798913-b7d2-4e26-8241-0f83266cd626}</UniqueIdentifier>
    </Filter>
  </ItemGroup>
  <ItemGroup>
    <None Include="Res\ball.bmp">
      <Filter>Resource Files</Filter>
    </None>
    <None Include="RES\bmp0.bmp">
      <Filter>Resource Files</Filter>
    </None>
    <None Include="RES\bmp1.bmp">
      <Filter>Resource Files</Filter>
    </None>
    <None Include="RES\bmp10.bmp">
      <Filter>Resource Files</Filter>
    </None>
    <None Include="RES\bmp2.bmp">
      <Filter>Resource Files</Filter>
    </None>
    <None Include="RES\bmp3.bmp">
      <Filter>Resource Files</Filter>
    </None>
    <None Include="RES\bmp4.bmp">
      <Filter>Resource Files</Filter>
    </None>
    <None Include="RES\bmp5.bmp">
      <Filter>Resource Files</Filter>
    </None>
    <None Include="RES\bmp6.bmp">
      <Filter>Resource Files</Filter>
    </None>
    <None Include="RES\bmp7.bmp">
      <Filter>Resource Files</Filter>
    </None>
    <None Include="RES\bmp8.bmp">
      <Filter>Resource Files</Filter>
    </None>
    <None Include="RES\bmp9.bmp">
      <Filter>Resource Files</Filter>
    </None>
    <None Include="RES\center.bmp">
      <Filter>Resource Files</Filter>
    </None>
    <None Include="RES\continue.bmp">
      <Filter>Resource Files</Filter>
    </None>
    <None Include="Res\corner.bmp">
      <Filter>Resource Files</Filter>
    </None>
    <None Include="RES\eraser1.bmp">
      <Filter>Resource Files</Filter>
    </None>
    <None Include="RES\eraser2.bmp">
      <Filter>Resource Files</Filter>
    </None>
    <None Include="RES\eraser3.bmp">
      <Filter>Resource Files</Filter>
    </None>
    <None Include="res\game.ico">
      <Filter>Resource Files</Filter>
    </None>
    <None Include="res\game.rc2">
      <Filter>Resource Files</Filter>
    </None>
    <None Include="RES\gamecurs.cur">
      <Filter>Resource Files</Filter>
    </None>
    <None Include="res\gameDoc.ico">
      <Filter>Resource Files</Filter>
    </None>
    <None Include="RES\help.bmp">
      <Filter>Resource Files</Filter>
    </None>
    <None Include="RES\loading.bmp">
      <Filter>Resource Files</Filter>
    </None>
    <None Include="RES\ntutcsie.bmp">
      <Filter>Resource Files</Filter>
    </None>
    <None Include="res\Toolbar.bmp">
      <Filter>Resource Files</Filter>
    </None>
  </ItemGroup>
  <ItemGroup>
    <ClCompile Include="Source\audio.cpp">
      <Filter>GameLibrary</Filter>
    </ClCompile>
    <ClCompile Include="Source\game.cpp">
      <Filter>MFC</Filter>
    </ClCompile>
    <ClCompile Include="Source\gameDoc.cpp">
      <Filter>MFC</Filter>
    </ClCompile>
    <ClCompile Include="Source\gamelib.cpp">
      <Filter>GameLibrary</Filter>
    </ClCompile>
    <ClCompile Include="Source\gameView.cpp">
      <Filter>MFC</Filter>
    </ClCompile>
    <ClCompile Include="Source\MainFrm.cpp">
      <Filter>MFC</Filter>
    </ClCompile>
    <ClCompile Include="Source\StdAfx.cpp">
      <Filter>MFC</Filter>
    </ClCompile>
    <ClCompile Include="Source\mygame.cpp">
      <Filter>MyGame</Filter>
    </ClCompile>
    <ClCompile Include="Source\CEraser.cpp">
      <Filter>MyGame</Filter>
    </ClCompile>
    <ClCompile Include="Source\CBall.cpp">
      <Filter>MyGame</Filter>
    </ClCompile>
    <ClCompile Include="Source\CBouncingBall.cpp">
      <Filter>MyGame</Filter>
    </ClCompile>
    <ClCompile Include="Source\Character.cpp">
      <Filter>MyGame</Filter>
    </ClCompile>
    <ClCompile Include="Source\Map.cpp">
      <Filter>MyGame</Filter>
    </ClCompile>
    <ClCompile Include="Source\Rock.cpp">
      <Filter>MyGame</Filter>
    </ClCompile>
    <ClCompile Include="Source\House.cpp">
      <Filter>MyGame</Filter>
    </ClCompile>
    <ClCompile Include="Source\Store.cpp">
      <Filter>MyGame</Filter>
    </ClCompile>
    <ClCompile Include="Source\Opponent.cpp">
      <Filter>MyGame</Filter>
    </ClCompile>
    <ClCompile Include="Source\Battlefield.cpp">
      <Filter>MyGame</Filter>
    </ClCompile>
    <ClCompile Include="Source\BattlePlayer.cpp">
      <Filter>MyGame</Filter>
    </ClCompile>
    <ClCompile Include="Source\Weapon.cpp">
      <Filter>MyGame</Filter>
    </ClCompile>
    <ClCompile Include="Source\Parabola.cpp">
      <Filter>MyGame</Filter>
    </ClCompile>
    <ClCompile Include="Source\Energy.cpp">
      <Filter>MyGame</Filter>
    </ClCompile>
    <ClCompile Include="Source\Random.cpp">
      <Filter>MyGame</Filter>
    </ClCompile>
    <ClCompile Include="Source\Alphabet.cpp">
      <Filter>MyGame</Filter>
    </ClCompile>
  </ItemGroup>
  <ItemGroup>
    <ClInclude Include="Source\audio.h">
      <Filter>GameLibrary</Filter>
    </ClInclude>
    <ClInclude Include="Source\game.h">
      <Filter>MFC</Filter>
    </ClInclude>
    <ClInclude Include="Source\gameDoc.h">
      <Filter>MFC</Filter>
    </ClInclude>
    <ClInclude Include="Source\gamelib.h">
      <Filter>GameLibrary</Filter>
    </ClInclude>
    <ClInclude Include="Source\gameView.h">
      <Filter>MFC</Filter>
    </ClInclude>
    <ClInclude Include="Source\MainFrm.h">
      <Filter>MFC</Filter>
    </ClInclude>
    <ClInclude Include="Source\Resource.h">
      <Filter>MFC</Filter>
    </ClInclude>
    <ClInclude Include="Source\StdAfx.h">
      <Filter>MFC</Filter>
    </ClInclude>
    <ClInclude Include="Source\mygame.h">
      <Filter>MyGame</Filter>
    </ClInclude>
    <ClInclude Include="Source\CEraser.h">
      <Filter>MyGame</Filter>
    </ClInclude>
    <ClInclude Include="Source\CBall.h">
      <Filter>MyGame</Filter>
    </ClInclude>
    <ClInclude Include="Source\CBouncingBall.h">
      <Filter>MyGame</Filter>
    </ClInclude>
    <ClInclude Include="Source\Character.h">
      <Filter>MyGame</Filter>
    </ClInclude>
    <ClInclude Include="Source\Map.h">
      <Filter>MyGame</Filter>
    </ClInclude>
    <ClInclude Include="Source\Rock.h">
      <Filter>MyGame</Filter>
    </ClInclude>
    <ClInclude Include="Source\House.h">
      <Filter>MyGame</Filter>
    </ClInclude>
    <ClInclude Include="Source\Store.h">
      <Filter>MyGame</Filter>
    </ClInclude>
    <ClInclude Include="Source\Opponent.h">
      <Filter>MyGame</Filter>
    </ClInclude>
    <ClInclude Include="Source\Battlefield.h">
      <Filter>MyGame</Filter>
    </ClInclude>
    <ClInclude Include="Source\BattlePlayer.h">
      <Filter>MyGame</Filter>
    </ClInclude>
    <ClInclude Include="Source\Weapon.h">
      <Filter>MyGame</Filter>
    </ClInclude>
    <ClInclude Include="Source\Parabola.h">
      <Filter>MyGame</Filter>
    </ClInclude>
    <ClInclude Include="Source\Energy.h">
      <Filter>MyGame</Filter>
    </ClInclude>
    <ClInclude Include="Source\Random.h">
      <Filter>MyGame</Filter>
    </ClInclude>
    <ClInclude Include="Source\Alphabet.h">
      <Filter>MyGame</Filter>
    </ClInclude>
  </ItemGroup>
  <ItemGroup>
    <ResourceCompile Include="Source\game.rc">
      <Filter>MFC</Filter>
    </ResourceCompile>
  </ItemGroup>
  <ItemGroup>
    <Image Include="res\bitmap3.bmp">
      <Filter>Resource Files</Filter>
    </Image>
    <Image Include="RES\snoopy.bmp">
      <Filter>Resource Files</Filter>
    </Image>
    <Image Include="RES\unnamed.bmp">
      <Filter>Resource Files</Filter>
    </Image>
    <Image Include="RES\526efa7f16ab4_thumb900.bmp">
      <Filter>Resource Files</Filter>
    </Image>
    <Image Include="res\bmp00001.bmp">
      <Filter>Resource Files</Filter>
    </Image>
    <Image Include="RES\snoopy_small.bmp">
      <Filter>Resource Files</Filter>
    </Image>
    <Image Include="res\bmp00002.bmp">
      <Filter>Resource Files</Filter>
    </Image>
    <Image Include="RES\role.bmp">
      <Filter>Resource Files</Filter>
    </Image>
    <Image Include="RES\snoopy_1.bmp">
      <Filter>Resource Files</Filter>
    </Image>
    <Image Include="RES\snoopy_test.bmp">
      <Filter>Resource Files</Filter>
    </Image>
    <Image Include="RES\role_test.bmp">
      <Filter>Resource Files</Filter>
    </Image>
    <Image Include="RES\role_test2.bmp">
      <Filter>Resource Files</Filter>
    </Image>
    <Image Include="RES\role_test2_reflect.bmp">
      <Filter>Resource Files</Filter>
    </Image>
    <Image Include="RES\role_test3.bmp">
      <Filter>Resource Files</Filter>
    </Image>
    <Image Include="RES\role_test3_reflect.bmp">
      <Filter>Resource Files</Filter>
    </Image>
    <Image Include="RES\grass.bmp">
      <Filter>Resource Files</Filter>
    </Image>
    <Image Include="RES\bush.bmp">
      <Filter>Resource Files</Filter>
    </Image>
    <Image Include="RES\cabin.bmp">
      <Filter>Resource Files</Filter>
    </Image>
    <Image Include="RES\cabin2.bmp">
      <Filter>Resource Files</Filter>
    </Image>
    <Image Include="RES\cabin_1.bmp">
      <Filter>Resource Files</Filter>
    </Image>
    <Image Include="RES\cabin_2.bmp">
      <Filter>Resource Files</Filter>
    </Image>
    <Image Include="RES\cabin_3.bmp">
      <Filter>Resource Files</Filter>
    </Image>
    <Image Include="RES\cabin_4.bmp">
      <Filter>Resource Files</Filter>
    </Image>
    <Image Include="RES\cabin_5.bmp">
      <Filter>Resource Files</Filter>
    </Image>
    <Image Include="RES\cabin_6.bmp">
      <Filter>Resource Files</Filter>
    </Image>
    <Image Include="RES\cabin_7.bmp">
      <Filter>Resource Files</Filter>
    </Image>
    <Image Include="RES\cabin_8.bmp">
      <Filter>Resource Files</Filter>
    </Image>
    <Image Include="RES\cabin_9.bmp">
      <Filter>Resource Files</Filter>
    </Image>
    <Image Include="RES\cabin_10.bmp">
      <Filter>Resource Files</Filter>
    </Image>
    <Image Include="RES\cabin_11.bmp">
      <Filter>Resource Files</Filter>
    </Image>
    <Image Include="RES\cabin_12.bmp">
      <Filter>Resource Files</Filter>
    </Image>
    <Image Include="RES\cabin_13.bmp">
      <Filter>Resource Files</Filter>
    </Image>
    <Image Include="RES\cabin_14.bmp">
      <Filter>Resource Files</Filter>
    </Image>
    <Image Include="RES\cabin_15.bmp">
      <Filter>Resource Files</Filter>
    </Image>
    <Image Include="RES\cabin_16.bmp">
      <Filter>Resource Files</Filter>
    </Image>
    <Image Include="RES\cabin_17.bmp">
      <Filter>Resource Files</Filter>
    </Image>
    <Image Include="RES\cabin_18.bmp">
      <Filter>Resource Files</Filter>
    </Image>
    <Image Include="RES\cabin_19.bmp">
      <Filter>Resource Files</Filter>
    </Image>
    <Image Include="RES\cabin_20.bmp">
      <Filter>Resource Files</Filter>
    </Image>
    <Image Include="RES\cabin_21.bmp">
      <Filter>Resource Files</Filter>
    </Image>
    <Image Include="RES\cabin_22.bmp">
      <Filter>Resource Files</Filter>
    </Image>
    <Image Include="RES\cabin_23.bmp">
      <Filter>Resource Files</Filter>
    </Image>
    <Image Include="RES\cabin_24.bmp">
      <Filter>Resource Files</Filter>
    </Image>
    <Image Include="RES\cabin_25.bmp">
      <Filter>Resource Files</Filter>
    </Image>
    <Image Include="RES\0406.bmp">
      <Filter>Resource Files</Filter>
    </Image>
    <Image Include="res\bmp00003.bmp">
      <Filter>Resource Files</Filter>
    </Image>
    <Image Include="res\bitmap4.bmp">
      <Filter>Resource Files</Filter>
    </Image>
    <Image Include="RES\battle_background1.bmp">
      <Filter>Resource Files</Filter>
    </Image>
    <Image Include="RES\battle_background2.bmp.bmp">
      <Filter>Resource Files</Filter>
    </Image>
    <Image Include="RES\battle_background3.bmp">
      <Filter>Resource Files</Filter>
    </Image>
    <Image Include="res\rock.bmp">
      <Filter>Resource Files</Filter>
    </Image>
    <Image Include="RES\blank.bmp">
      <Filter>Resource Files</Filter>
    </Image>
    <Image Include="RES\rock2.bmp">
      <Filter>Resource Files</Filter>
    </Image>
    <Image Include="RES\Kirby.bmp">
      <Filter>Resource Files</Filter>
    </Image>
    <Image Include="RES\Kirby_small.bmp">
      <Filter>Resource Files</Filter>
    </Image>
    <Image Include="RES\Kirby_angry_small.bmp">
      <Filter>Resource Files</Filter>
    </Image>
    <Image Include="RES\Kirby_wounded_small.bmp">
      <Filter>Resource Files</Filter>
    </Image>
    <Image Include="RES\rf_Kirby_small.bmp">
      <Filter>Resource Files</Filter>
    </Image>
    <Image Include="RES\rf_Kirby_wounded_small.bmp">
      <Filter>Resource Files</Filter>
    </Image>
    <Image Include="RES\rf_Kirby_angry_small.bmp">
      <Filter>Resource Files</Filter>
    </Image>
    <Image Include="RES\Kirby_under_attack_small.bmp">
      <Filter>Resource Files</Filter>
    </Image>
    <Image Include="RES\rf_Kirby_under_attack_small.bmp">
      <Filter>Resource Files</Filter>
    </Image>
    <Image Include="RES\right1.bmp">
      <Filter>Resource Files</Filter>
    </Image>
    <Image Include="RES\right2.bmp">
      <Filter>Resource Files</Filter>
    </Image>
    <Image Include="RES\right3.bmp">
      <Filter>Resource Files</Filter>
    </Image>
    <Image Include="RES\right4.bmp">
      <Filter>Resource Files</Filter>
    </Image>
    <Image Include="RES\right5.bmp">
      <Filter>Resource Files</Filter>
    </Image>
    <Image Include="RES\right6.bmp">
      <Filter>Resource Files</Filter>
    </Image>
    <Image Include="RES\left1.bmp">
      <Filter>Resource Files</Filter>
    </Image>
    <Image Include="RES\left2.bmp">
      <Filter>Resource Files</Filter>
    </Image>
    <Image Include="RES\left3.bmp">
      <Filter>Resource Files</Filter>
    </Image>
    <Image Include="RES\left4.bmp">
      <Filter>Resource Files</Filter>
    </Image>
    <Image Include="RES\left5.bmp">
      <Filter>Resource Files</Filter>
    </Image>
    <Image Include="RES\left6.bmp">
      <Filter>Resource Files</Filter>
    </Image>
    <Image Include="RES\background_healthbar.bmp">
      <Filter>Resource Files</Filter>
    </Image>
    <Image Include="RES\redbar_small.bmp">
      <Filter>Resource Files</Filter>
    </Image>
    <Image Include="res\bmp00004.bmp">
      <Filter>Resource Files</Filter>
    </Image>
    <Image Include="RES\dot.bmp">
      <Filter>Resource Files</Filter>
    </Image>
    <Image Include="RES\energy_bar_0.bmp">
      <Filter>Resource Files</Filter>
    </Image>
    <Image Include="RES\energy_bar_1.bmp">
      <Filter>Resource Files</Filter>
    </Image>
    <Image Include="RES\energy_bar_2.bmp">
      <Filter>Resource Files</Filter>
    </Image>
    <Image Include="RES\energy_bar_3.bmp">
      <Filter>Resource Files</Filter>
    </Image>
    <Image Include="RES\energy_bar_4.bmp">
      <Filter>Resource Files</Filter>
    </Image>
    <Image Include="RES\energy_bar_5.bmp">
      <Filter>Resource Files</Filter>
    </Image>
    <Image Include="RES\energy_bar_6.bmp">
      <Filter>Resource Files</Filter>
    </Image>
    <Image Include="RES\energy_bar_7.bmp">
      <Filter>Resource Files</Filter>
    </Image>
    <Image Include="RES\energy_bar_8.bmp">
      <Filter>Resource Files</Filter>
    </Image>
    <Image Include="RES\rf_energy_bar_0.bmp">
      <Filter>Resource Files</Filter>
    </Image>
    <Image Include="res\bitmap5.bmp">
      <Filter>Resource Files</Filter>
    </Image>
    <Image Include="RES\rf_energy_bar_1.bmp">
      <Filter>Resource Files</Filter>
    </Image>
    <Image Include="RES\rf_energy_bar_2.bmp">
      <Filter>Resource Files</Filter>
    </Image>
    <Image Include="RES\rf_energy_bar_3.bmp">
      <Filter>Resource Files</Filter>
    </Image>
    <Image Include="RES\rf_energy_bar_4.bmp">
      <Filter>Resource Files</Filter>
    </Image>
    <Image Include="RES\rf_energy_bar_5.bmp">
      <Filter>Resource Files</Filter>
    </Image>
    <Image Include="RES\rf_energy_bar_6.bmp">
      <Filter>Resource Files</Filter>
    </Image>
    <Image Include="RES\rf_energy_bar_7.bmp">
      <Filter>Resource Files</Filter>
    </Image>
    <Image Include="RES\rf_energy_bar_8.bmp">
      <Filter>Resource Files</Filter>
    </Image>
    <Image Include="RES\clerk.bmp">
      <Filter>Resource Files</Filter>
    </Image>
    <Image Include="RES\pad2.bmp">
      <Filter>Resource Files</Filter>
    </Image>
    <Image Include="RES\U.bmp">
      <Filter>Resource Files</Filter>
    </Image>
  </ItemGroup>
</Project>